
Microsoft Visual Studio Solution File, Format Version 12.00
# Visual Studio Version 16
VisualStudioVersion = 16.0.29920.165
MinimumVisualStudioVersion = 10.0.40219.1
Project("{FAE04EC0-301F-11D3-BF4B-00C04F79EFBC}") = "WineCellar", "WineCellar\WineCellar.csproj", "{EAE37100-84E9-4FEA-89F1-DFD8CC69F612}"
EndProject
Global
	GlobalSection(SolutionConfigurationPlatforms) = preSolution
		Debug|Any CPU = Debug|Any CPU
		Release|Any CPU = Release|Any CPU
	EndGlobalSection
	GlobalSection(ProjectConfigurationPlatforms) = postSolution
		{EAE37100-84E9-4FEA-89F1-DFD8CC69F612}.Debug|Any CPU.ActiveCfg = Debug|Any CPU
		{EAE37100-84E9-4FEA-89F1-DFD8CC69F612}.Debug|Any CPU.Build.0 = Debug|Any CPU
		{EAE37100-84E9-4FEA-89F1-DFD8CC69F612}.Release|Any CPU.ActiveCfg = Release|Any CPU
		{EAE37100-84E9-4FEA-89F1-DFD8CC69F612}.Release|Any CPU.Build.0 = Release|Any CPU
	EndGlobalSection
	GlobalSection(SolutionProperties) = preSolution
		HideSolutionNode = FALSE
	EndGlobalSection
	GlobalSection(ExtensibilityGlobals) = postSolution
		SolutionGuid = {1617E432-56F5-46CF-B95C-3B737C471411}
	EndGlobalSection
EndGlobal
